
Microsoft Visual Studio Solution File, Format Version 12.00
# Visual Studio Version 17
VisualStudioVersion = 17.7.34003.232
MinimumVisualStudioVersion = 10.0.40219.1
Project("{FAE04EC0-301F-11D3-BF4B-00C04F79EFBC}") = "joystick2", "joystick2\joystick2.csproj", "{5EBA5D4E-A539-4224-90D9-84925F0DF828}"
EndProject
Global
	GlobalSection(SolutionConfigurationPlatforms) = preSolution
		Debug|Any CPU = Debug|Any CPU
		Release|Any CPU = Release|Any CPU
	EndGlobalSection
	GlobalSection(ProjectConfigurationPlatforms) = postSolution
		{5EBA5D4E-A539-4224-90D9-84925F0DF828}.Debug|Any CPU.ActiveCfg = Debug|Any CPU
		{5EBA5D4E-A539-4224-90D9-84925F0DF828}.Debug|Any CPU.Build.0 = Debug|Any CPU
		{5EBA5D4E-A539-4224-90D9-84925F0DF828}.Release|Any CPU.ActiveCfg = Release|Any CPU
		{5EBA5D4E-A539-4224-90D9-84925F0DF828}.Release|Any CPU.Build.0 = Release|Any CPU
	EndGlobalSection
	GlobalSection(SolutionProperties) = preSolution
		HideSolutionNode = FALSE
	EndGlobalSection
	GlobalSection(ExtensibilityGlobals) = postSolution
		SolutionGuid = {7E942626-5FFD-4B97-B5E0-2ED303C88060}
	EndGlobalSection
EndGlobal
